
Microsoft Visual Studio Solution File, Format Version 12.00
# Visual Studio Version 17
VisualStudioVersion = 17.0.31903.59
MinimumVisualStudioVersion = 10.0.40219.1
Project("{2150E333-8FDC-42A3-9474-1A3956D46DE8}") = "src", "src", "{827E0CD3-B72D-47B6-A68D-7590B98EB39B}"
EndProject
Project("{FAE04EC0-301F-11D3-BF4B-00C04F79EFBC}") = "Vigil.Api", "src\Vigil.Api\Vigil.Api.csproj", "{D37BC8C2-D10B-48AD-B620-0786A43FDFCB}"
EndProject
Project("{FAE04EC0-301F-11D3-BF4B-00C04F79EFBC}") = "Vigil.Worker", "src\Vigil.Worker\Vigil.Worker.csproj", "{85D30647-2B09-4BD8-BF98-3E511778078D}"
EndProject
Project("{FAE04EC0-301F-11D3-BF4B-00C04F79EFBC}") = "Vigil.Core", "src\Vigil.Core\Vigil.Core.csproj", "{402E4655-EF00-41A6-BCFE-C3E842A8F5D3}"
EndProject
Project("{FAE04EC0-301F-11D3-BF4B-00C04F79EFBC}") = "Vigil.Infrastructure", "src\Vigil.Infrastructure\Vigil.Infrastructure.csproj", "{FA51A296-FD9E-492E-B83E-660ED0524E6D}"
EndProject
Project("{FAE04EC0-301F-11D3-BF4B-00C04F79EFBC}") = "Vigil.UnitTests", "tests\Vigil.UnitTests\Vigil.UnitTests.csproj", "{ABF2CD4B-20AB-4FB4-BBFE-796CD860277F}"
EndProject
Project("{FAE04EC0-301F-11D3-BF4B-00C04F79EFBC}") = "Vigil.IntegrationTests", "tests\Vigil.IntegrationTests\Vigil.IntegrationTests.csproj", "{7694CD5F-7C58-4E90-A014-89F94BC488E5}"
EndProject
Global
	GlobalSection(SolutionConfigurationPlatforms) = preSolution
		Debug|Any CPU = Debug|Any CPU
		Debug|x64 = Debug|x64
		Debug|x86 = Debug|x86
		Release|Any CPU = Release|Any CPU
		Release|x64 = Release|x64
		Release|x86 = Release|x86
	EndGlobalSection
	GlobalSection(ProjectConfigurationPlatforms) = postSolution
		{D37BC8C2-D10B-48AD-B620-0786A43FDFCB}.Debug|Any CPU.ActiveCfg = Debug|Any CPU
		{D37BC8C2-D10B-48AD-B620-0786A43FDFCB}.Debug|Any CPU.Build.0 = Debug|Any CPU
		{D37BC8C2-D10B-48AD-B620-0786A43FDFCB}.Debug|x64.ActiveCfg = Debug|Any CPU
		{D37BC8C2-D10B-48AD-B620-0786A43FDFCB}.Debug|x64.Build.0 = Debug|Any CPU
		{D37BC8C2-D10B-48AD-B620-0786A43FDFCB}.Debug|x86.ActiveCfg = Debug|Any CPU
		{D37BC8C2-D10B-48AD-B620-0786A43FDFCB}.Debug|x86.Build.0 = Debug|Any CPU
		{D37BC8C2-D10B-48AD-B620-0786A43FDFCB}.Release|Any CPU.ActiveCfg = Release|Any CPU
		{D37BC8C2-D10B-48AD-B620-0786A43FDFCB}.Release|Any CPU.Build.0 = Release|Any CPU
		{D37BC8C2-D10B-48AD-B620-0786A43FDFCB}.Release|x64.ActiveCfg = Release|Any CPU
		{D37BC8C2-D10B-48AD-B620-0786A43FDFCB}.Release|x64.Build.0 = Release|Any CPU
		{D37BC8C2-D10B-48AD-B620-0786A43FDFCB}.Release|x86.ActiveCfg = Release|Any CPU
		{D37BC8C2-D10B-48AD-B620-0786A43FDFCB}.Release|x86.Build.0 = Release|Any CPU
		{85D30647-2B09-4BD8-BF98-3E511778078D}.Debug|Any CPU.ActiveCfg = Debug|Any CPU
		{85D30647-2B09-4BD8-BF98-3E511778078D}.Debug|Any CPU.Build.0 = Debug|Any CPU
		{85D30647-2B09-4BD8-BF98-3E511778078D}.Debug|x64.ActiveCfg = Debug|Any CPU
		{85D30647-2B09-4BD8-BF98-3E511778078D}.Debug|x64.Build.0 = Debug|Any CPU
		{85D30647-2B09-4BD8-BF98-3E511778078D}.Debug|x86.ActiveCfg = Debug|Any CPU
		{85D30647-2B09-4BD8-BF98-3E511778078D}.Debug|x86.Build.0 = Debug|Any CPU
		{85D30647-2B09-4BD8-BF98-3E511778078D}.Release|Any CPU.ActiveCfg = Release|Any CPU
		{85D30647-2B09-4BD8-BF98-3E511778078D}.Release|Any CPU.Build.0 = Release|Any CPU
		{85D30647-2B09-4BD8-BF98-3E511778078D}.Release|x64.ActiveCfg = Release|Any CPU
		{85D30647-2B09-4BD8-BF98-3E511778078D}.Release|x64.Build.0 = Release|Any CPU
		{85D30647-2B09-4BD8-BF98-3E511778078D}.Release|x86.ActiveCfg = Release|Any CPU
		{85D30647-2B09-4BD8-BF98-3E511778078D}.Release|x86.Build.0 = Release|Any CPU
		{402E4655-EF00-41A6-BCFE-C3E842A8F5D3}.Debug|Any CPU.ActiveCfg = Debug|Any CPU
		{402E4655-EF00-41A6-BCFE-C3E842A8F5D3}.Debug|Any CPU.Build.0 = Debug|Any CPU
		{402E4655-EF00-41A6-BCFE-C3E842A8F5D3}.Debug|x64.ActiveCfg = Debug|Any CPU
		{402E4655-EF00-41A6-BCFE-C3E842A8F5D3}.Debug|x64.Build.0 = Debug|Any CPU
		{402E4655-EF00-41A6-BCFE-C3E842A8F5D3}.Debug|x86.ActiveCfg = Debug|Any CPU
		{402E4655-EF00-41A6-BCFE-C3E842A8F5D3}.Debug|x86.Build.0 = Debug|Any CPU
		{402E4655-EF00-41A6-BCFE-C3E842A8F5D3}.Release|Any CPU.ActiveCfg = Release|Any CPU
		{402E4655-EF00-41A6-BCFE-C3E842A8F5D3}.Release|Any CPU.Build.0 = Release|Any CPU
		{402E4655-EF00-41A6-BCFE-C3E842A8F5D3}.Release|x64.ActiveCfg = Release|Any CPU
		{402E4655-EF00-41A6-BCFE-C3E842A8F5D3}.Release|x64.Build.0 = Release|Any CPU
		{402E4655-EF00-41A6-BCFE-C3E842A8F5D3}.Release|x86.ActiveCfg = Release|Any CPU
		{402E4655-EF00-41A6-BCFE-C3E842A8F5D3}.Release|x86.Build.0 = Release|Any CPU
		{FA51A296-FD9E-492E-B83E-660ED0524E6D}.Debug|Any CPU.ActiveCfg = Debug|Any CPU
		{FA51A296-FD9E-492E-B83E-660ED0524E6D}.Debug|Any CPU.Build.0 = Debug|Any CPU
		{FA51A296-FD9E-492E-B83E-660ED0524E6D}.Debug|x64.ActiveCfg = Debug|Any CPU
		{FA51A296-FD9E-492E-B83E-660ED0524E6D}.Debug|x64.Build.0 = Debug|Any CPU
		{FA51A296-FD9E-492E-B83E-660ED0524E6D}.Debug|x86.ActiveCfg = Debug|Any CPU
		{FA51A296-FD9E-492E-B83E-660ED0524E6D}.Debug|x86.Build.0 = Debug|Any CPU
		{FA51A296-FD9E-492E-B83E-660ED0524E6D}.Release|Any CPU.ActiveCfg = Release|Any CPU
		{FA51A296-FD9E-492E-B83E-660ED0524E6D}.Release|Any CPU.Build.0 = Release|Any CPU
		{FA51A296-FD9E-492E-B83E-660ED0524E6D}.Release|x64.ActiveCfg = Release|Any CPU
		{FA51A296-FD9E-492E-B83E-660ED0524E6D}.Release|x64.Build.0 = Release|Any CPU
		{FA51A296-FD9E-492E-B83E-660ED0524E6D}.Release|x86.ActiveCfg = Release|Any CPU
		{FA51A296-FD9E-492E-B83E-660ED0524E6D}.Release|x86.Build.0 = Release|Any CPU
		{ABF2CD4B-20AB-4FB4-BBFE-796CD860277F}.Debug|Any CPU.ActiveCfg = Debug|Any CPU
		{ABF2CD4B-20AB-4FB4-BBFE-796CD860277F}.Debug|Any CPU.Build.0 = Debug|Any CPU
		{ABF2CD4B-20AB-4FB4-BBFE-796CD860277F}.Debug|x64.ActiveCfg = Debug|Any CPU
		{ABF2CD4B-20AB-4FB4-BBFE-796CD860277F}.Debug|x64.Build.0 = Debug|Any CPU
		{ABF2CD4B-20AB-4FB4-BBFE-796CD860277F}.Debug|x86.ActiveCfg = Debug|Any CPU
		{ABF2CD4B-20AB-4FB4-BBFE-796CD860277F}.Debug|x86.Build.0 = Debug|Any CPU
		{ABF2CD4B-20AB-4FB4-BBFE-796CD860277F}.Release|Any CPU.ActiveCfg = Release|Any CPU
		{ABF2CD4B-20AB-4FB4-BBFE-796CD860277F}.Release|Any CPU.Build.0 = Release|Any CPU
		{ABF2CD4B-20AB-4FB4-BBFE-796CD860277F}.Release|x64.ActiveCfg = Release|Any CPU
		{ABF2CD4B-20AB-4FB4-BBFE-796CD860277F}.Release|x64.Build.0 = Release|Any CPU
		{ABF2CD4B-20AB-4FB4-BBFE-796CD860277F}.Release|x86.ActiveCfg = Release|Any CPU
		{ABF2CD4B-20AB-4FB4-BBFE-796CD860277F}.Release|x86.Build.0 = Release|Any CPU
		{7694CD5F-7C58-4E90-A014-89F94BC488E5}.Debug|Any CPU.ActiveCfg = Debug|Any CPU
		{7694CD5F-7C58-4E90-A014-89F94BC488E5}.Debug|Any CPU.Build.0 = Debug|Any CPU
		{7694CD5F-7C58-4E90-A014-89F94BC488E5}.Debug|x64.ActiveCfg = Debug|Any CPU
		{7694CD5F-7C58-4E90-A014-89F94BC488E5}.Debug|x64.Build.0 = Debug|Any CPU
		{7694CD5F-7C58-4E90-A014-89F94BC488E5}.Debug|x86.ActiveCfg = Debug|Any CPU
		{7694CD5F-7C58-4E90-A014-89F94BC488E5}.Debug|x86.Build.0 = Debug|Any CPU
		{7694CD5F-7C58-4E90-A014-89F94BC488E5}.Release|Any CPU.ActiveCfg = Release|Any CPU
		{7694CD5F-7C58-4E90-A014-89F94BC488E5}.Release|Any CPU.Build.0 = Release|Any CPU
		{7694CD5F-7C58-4E90-A014-89F94BC488E5}.Release|x64.ActiveCfg = Release|Any CPU
		{7694CD5F-7C58-4E90-A014-89F94BC488E5}.Release|x64.Build.0 = Release|Any CPU
		{7694CD5F-7C58-4E90-A014-89F94BC488E5}.Release|x86.ActiveCfg = Release|Any CPU
		{7694CD5F-7C58-4E90-A014-89F94BC488E5}.Release|x86.Build.0 = Release|Any CPU
	EndGlobalSection
	GlobalSection(SolutionProperties) = preSolution
		HideSolutionNode = FALSE
	EndGlobalSection
	GlobalSection(NestedProjects) = preSolution
		{D37BC8C2-D10B-48AD-B620-0786A43FDFCB} = {827E0CD3-B72D-47B6-A68D-7590B98EB39B}
		{85D30647-2B09-4BD8-BF98-3E511778078D} = {827E0CD3-B72D-47B6-A68D-7590B98EB39B}
		{402E4655-EF00-41A6-BCFE-C3E842A8F5D3} = {827E0CD3-B72D-47B6-A68D-7590B98EB39B}
		{FA51A296-FD9E-492E-B83E-660ED0524E6D} = {827E0CD3-B72D-47B6-A68D-7590B98EB39B}
		{ABF2CD4B-20AB-4FB4-BBFE-796CD860277F} = {827E0CD3-B72D-47B6-A68D-7590B98EB39B}
		{7694CD5F-7C58-4E90-A014-89F94BC488E5} = {827E0CD3-B72D-47B6-A68D-7590B98EB39B}
	EndGlobalSection
EndGlobal
